// !$*UTF8*$!
{
	archiveVersion = 1;
	classes = {
	};
	objectVersion = 46;
	objects = {

/* Begin PBXBuildFile section */
		6B5186A91F6FEDB9006CCDED /* AppDelegate.swift in Sources */ = {isa = PBXBuildFile; fileRef = 6B5186A81F6FEDB9006CCDED /* AppDelegate.swift */; };
		6B5186AE1F6FEDB9006CCDED /* Main.storyboard in Resources */ = {isa = PBXBuildFile; fileRef = 6B5186AC1F6FEDB9006CCDED /* Main.storyboard */; };
		6B5186B01F6FEDB9006CCDED /* Assets.xcassets in Resources */ = {isa = PBXBuildFile; fileRef = 6B5186AF1F6FEDB9006CCDED /* Assets.xcassets */; };
		6B5186B31F6FEDB9006CCDED /* LaunchScreen.storyboard in Resources */ = {isa = PBXBuildFile; fileRef = 6B5186B11F6FEDB9006CCDED /* LaunchScreen.storyboard */; };
		6B5186BD1F70058A006CCDED /* MainTabController.swift in Sources */ = {isa = PBXBuildFile; fileRef = 6B5186BC1F70058A006CCDED /* MainTabController.swift */; };
		6B5186BF1F7005CD006CCDED /* MemeSentCollectionController.swift in Sources */ = {isa = PBXBuildFile; fileRef = 6B5186BE1F7005CD006CCDED /* MemeSentCollectionController.swift */; };
		6B5186C11F70060E006CCDED /* MemeSentTableController.swift in Sources */ = {isa = PBXBuildFile; fileRef = 6B5186C01F70060E006CCDED /* MemeSentTableController.swift */; };
		6B5186C31F7006F4006CCDED /* MemeCreateEditController.swift in Sources */ = {isa = PBXBuildFile; fileRef = 6B5186C21F7006F4006CCDED /* MemeCreateEditController.swift */; };
		6B5186C51F700712006CCDED /* MemeViewController.swift in Sources */ = {isa = PBXBuildFile; fileRef = 6B5186C41F700712006CCDED /* MemeViewController.swift */; };
		6B5186C71F70092B006CCDED /* vault.swift in Sources */ = {isa = PBXBuildFile; fileRef = 6B5186C61F70092B006CCDED /* vault.swift */; };
		6B5186C91F708F15006CCDED /* MemeCollectionViewCell.swift in Sources */ = {isa = PBXBuildFile; fileRef = 6B5186C81F708F15006CCDED /* MemeCollectionViewCell.swift */; };
/* End PBXBuildFile section */

/* Begin PBXFileReference section */
		6B5186A51F6FEDB9006CCDED /* MemeMe2.app */ = {isa = PBXFileReference; explicitFileType = wrapper.application; includeInIndex = 0; path = MemeMe2.app; sourceTree = BUILT_PRODUCTS_DIR; };
		6B5186A81F6FEDB9006CCDED /* AppDelegate.swift */ = {isa = PBXFileReference; lastKnownFileType = sourcecode.swift; path = AppDelegate.swift; sourceTree = "<group>"; };
		6B5186AD1F6FEDB9006CCDED /* Base */ = {isa = PBXFileReference; lastKnownFileType = file.storyboard; name = Base; path = Base.lproj/Main.storyboard; sourceTree = "<group>"; };
		6B5186AF1F6FEDB9006CCDED /* Assets.xcassets */ = {isa = PBXFileReference; lastKnownFileType = folder.assetcatalog; path = Assets.xcassets; sourceTree = "<group>"; };
		6B5186B21F6FEDB9006CCDED /* Base */ = {isa = PBXFileReference; lastKnownFileType = file.storyboard; name = Base; path = Base.lproj/LaunchScreen.storyboard; sourceTree = "<group>"; };
		6B5186B41F6FEDB9006CCDED /* Info.plist */ = {isa = PBXFileReference; lastKnownFileType = text.plist.xml; path = Info.plist; sourceTree = "<group>"; };
		6B5186BC1F70058A006CCDED /* MainTabController.swift */ = {isa = PBXFileReference; fileEncoding = 4; lastKnownFileType = sourcecode.swift; path = MainTabController.swift; sourceTree = "<group>"; };
		6B5186BE1F7005CD006CCDED /* MemeSentCollectionController.swift */ = {isa = PBXFileReference; fileEncoding = 4; lastKnownFileType = sourcecode.swift; path = MemeSentCollectionController.swift; sourceTree = "<group>"; };
		6B5186C01F70060E006CCDED /* MemeSentTableController.swift */ = {isa = PBXFileReference; fileEncoding = 4; lastKnownFileType = sourcecode.swift; path = MemeSentTableController.swift; sourceTree = "<group>"; };
		6B5186C21F7006F4006CCDED /* MemeCreateEditController.swift */ = {isa = PBXFileReference; fileEncoding = 4; lastKnownFileType = sourcecode.swift; path = MemeCreateEditController.swift; sourceTree = "<group>"; };
		6B5186C41F700712006CCDED /* MemeViewController.swift */ = {isa = PBXFileReference; fileEncoding = 4; lastKnownFileType = sourcecode.swift; path = MemeViewController.swift; sourceTree = "<group>"; };
		6B5186C61F70092B006CCDED /* vault.swift */ = {isa = PBXFileReference; fileEncoding = 4; lastKnownFileType = sourcecode.swift; path = vault.swift; sourceTree = "<group>"; };
		6B5186C81F708F15006CCDED /* MemeCollectionViewCell.swift */ = {isa = PBXFileReference; fileEncoding = 4; lastKnownFileType = sourcecode.swift; path = MemeCollectionViewCell.swift; sourceTree = "<group>"; };
/* End PBXFileReference section */

/* Begin PBXFrameworksBuildPhase section */
		6B5186A21F6FEDB9006CCDED /* Frameworks */ = {
			isa = PBXFrameworksBuildPhase;
			buildActionMask = 2147483647;
			files = (
			);
			runOnlyForDeploymentPostprocessing = 0;
		};
/* End PBXFrameworksBuildPhase section */

/* Begin PBXGroup section */
		6B51869C1F6FEDB9006CCDED = {
			isa = PBXGroup;
			children = (
				6B5186A71F6FEDB9006CCDED /* MemeMe2 */,
				6B5186A61F6FEDB9006CCDED /* Products */,
			);
			sourceTree = "<group>";
		};
		6B5186A61F6FEDB9006CCDED /* Products */ = {
			isa = PBXGroup;
			children = (
				6B5186A51F6FEDB9006CCDED /* MemeMe2.app */,
			);
			name = Products;
			sourceTree = "<group>";
		};
		6B5186A71F6FEDB9006CCDED /* MemeMe2 */ = {
			isa = PBXGroup;
			children = (
				6B5186A81F6FEDB9006CCDED /* AppDelegate.swift */,
				6B5186AC1F6FEDB9006CCDED /* Main.storyboard */,
				6B5186C81F708F15006CCDED /* MemeCollectionViewCell.swift */,
				6B5186C61F70092B006CCDED /* vault.swift */,
				6B5186C21F7006F4006CCDED /* MemeCreateEditController.swift */,
				6B5186C41F700712006CCDED /* MemeViewController.swift */,
				6B5186C01F70060E006CCDED /* MemeSentTableController.swift */,
				6B5186BE1F7005CD006CCDED /* MemeSentCollectionController.swift */,
				6B5186BC1F70058A006CCDED /* MainTabController.swift */,
				6B5186AF1F6FEDB9006CCDED /* Assets.xcassets */,
				6B5186B11F6FEDB9006CCDED /* LaunchScreen.storyboard */,
				6B5186B41F6FEDB9006CCDED /* Info.plist */,
			);
			path = MemeMe2;
			sourceTree = "<group>";
		};
/* End PBXGroup section */

/* Begin PBXNativeTarget section */
		6B5186A41F6FEDB9006CCDED /* MemeMe2 */ = {
			isa = PBXNativeTarget;
			buildConfigurationList = 6B5186B71F6FEDB9006CCDED /* Build configuration list for PBXNativeTarget "MemeMe2" */;
			buildPhases = (
				6B5186A11F6FEDB9006CCDED /* Sources */,
				6B5186A21F6FEDB9006CCDED /* Frameworks */,
				6B5186A31F6FEDB9006CCDED /* Resources */,
			);
			buildRules = (
			);
			dependencies = (
			);
			name = MemeMe2;
			productName = MemeMe2;
			productReference = 6B5186A51F6FEDB9006CCDED /* MemeMe2.app */;
			productType = "com.apple.product-type.application";
		};
/* End PBXNativeTarget section */

/* Begin PBXProject section */
		6B51869D1F6FEDB9006CCDED /* Project object */ = {
			isa = PBXProject;
			attributes = {
				LastSwiftUpdateCheck = 0830;
				LastUpgradeCheck = 0830;
				ORGANIZATIONNAME = "Ryan Waite";
				TargetAttributes = {
					6B5186A41F6FEDB9006CCDED = {
						CreatedOnToolsVersion = 8.3.3;
						DevelopmentTeam = L283242C83;
						ProvisioningStyle = Automatic;
					};
				};
			};
			buildConfigurationList = 6B5186A01F6FEDB9006CCDED /* Build configuration list for PBXProject "MemeMe2" */;
			compatibilityVersion = "Xcode 3.2";
			developmentRegion = English;
			hasScannedForEncodings = 0;
			knownRegions = (
				en,
				Base,
			);
			mainGroup = 6B51869C1F6FEDB9006CCDED;
			productRefGroup = 6B5186A61F6FEDB9006CCDED /* Products */;
			projectDirPath = "";
			projectRoot = "";
			targets = (
				6B5186A41F6FEDB9006CCDED /* MemeMe2 */,
			);
		};
/* End PBXProject section */

/* Begin PBXResourcesBuildPhase section */
		6B5186A31F6FEDB9006CCDED /* Resources */ = {
			isa = PBXResourcesBuildPhase;
			buildActionMask = 2147483647;
			files = (
				6B5186B31F6FEDB9006CCDED /* LaunchScreen.storyboard in Resources */,
				6B5186B01F6FEDB9006CCDED /* Assets.xcassets in Resources */,
				6B5186AE1F6FEDB9006CCDED /* Main.storyboard in Resources */,
			);
			runOnlyForDeploymentPostprocessing = 0;
		};
/* End PBXResourcesBuildPhase section */

/* Begin PBXSourcesBuildPhase section */
		6B5186A11F6FEDB9006CCDED /* Sources */ = {
			isa = PBXSourcesBuildPhase;
			buildActionMask = 2147483647;
			files = (
				6B5186A91F6FEDB9006CCDED /* AppDelegate.swift in Sources */,
				6B5186C71F70092B006CCDED /* vault.swift in Sources */,
				6B5186C91F708F15006CCDED /* MemeCollectionViewCell.swift in Sources */,
				6B5186C11F70060E006CCDED /* MemeSentTableController.swift in Sources */,
				6B5186C51F700712006CCDED /* MemeViewController.swift in Sources */,
				6B5186BD1F70058A006CCDED /* MainTabController.swift in Sources */,
				6B5186BF1F7005CD006CCDED /* MemeSentCollectionController.swift in Sources */,
				6B5186C31F7006F4006CCDED /* MemeCreateEditController.swift in Sources */,
			);
			runOnlyForDeploymentPostprocessing = 0;
		};
/* End PBXSourcesBuildPhase section */

/* Begin PBXVariantGroup section */
		6B5186AC1F6FEDB9006CCDED /* Main.storyboard */ = {
			isa = PBXVariantGroup;
			children = (
				6B5186AD1F6FEDB9006CCDED /* Base */,
			);
			name = Main.storyboard;
			sourceTree = "<group>";
		};
		6B5186B11F6FEDB9006CCDED /* LaunchScreen.storyboard */ = {
			isa = PBXVariantGroup;
			children = (
				6B5186B21F6FEDB9006CCDED /* Base */,
			);
			name = LaunchScreen.storyboard;
			sourceTree = "<group>";
		};
/* End PBXVariantGroup section */

/* Begin XCBuildConfiguration section */
		6B5186B51F6FEDB9006CCDED /* Debug */ = {
			isa = XCBuildConfiguration;
			buildSettings = {
				ALWAYS_SEARCH_USER_PATHS = NO;
				CLANG_ANALYZER_NONNULL = YES;
				CLANG_ANALYZER_NUMBER_OBJECT_CONVERSION = YES_AGGRESSIVE;
				CLANG_CXX_LANGUAGE_STANDARD = "gnu++0x";
				CLANG_CXX_LIBRARY = "libc++";
				CLANG_ENABLE_MODULES = YES;
				CLANG_ENABLE_OBJC_ARC = YES;
				CLANG_WARN_BOOL_CONVERSION = YES;
				CLANG_WARN_CONSTANT_CONVERSION = YES;
				CLANG_WARN_DIRECT_OBJC_ISA_USAGE = YES_ERROR;
				CLANG_WARN_DOCUMENTATION_COMMENTS = YES;
				CLANG_WARN_EMPTY_BODY = YES;
				CLANG_WARN_ENUM_CONVERSION = YES;
				CLANG_WARN_INFINITE_RECURSION = YES;
				CLANG_WARN_INT_CONVERSION = YES;
				CLANG_WARN_OBJC_ROOT_CLASS = YES_ERROR;
				CLANG_WARN_SUSPICIOUS_MOVE = YES;
				CLANG_WARN_UNREACHABLE_CODE = YES;
				CLANG_WARN__DUPLICATE_METHOD_MATCH = YES;
				"CODE_SIGN_IDENTITY[sdk=iphoneos*]" = "iPhone Developer";
				COPY_PHASE_STRIP = NO;
				DEBUG_INFORMATION_FORMAT = dwarf;
				ENABLE_STRICT_OBJC_MSGSEND = YES;
				ENABLE_TESTABILITY = YES;
				GCC_C_LANGUAGE_STANDARD = gnu99;
				GCC_DYNAMIC_NO_PIC = NO;
				GCC_NO_COMMON_BLOCKS = YES;
				GCC_OPTIMIZATION_LEVEL = 0;
				GCC_PREPROCESSOR_DEFINITIONS = (
					"DEBUG=1",
					"$(inherited)",
				);
				GCC_WARN_64_TO_32_BIT_CONVERSION = YES;
				GCC_WARN_ABOUT_RETURN_TYPE = YES_ERROR;
				GCC_WARN_UNDECLARED_SELECTOR = YES;
				GCC_WARN_UNINITIALIZED_AUTOS = YES_AGGRESSIVE;
				GCC_WARN_UNUSED_FUNCTION = YES;
				GCC_WARN_UNUSED_VARIABLE = YES;
				IPHONEOS_DEPLOYMENT_TARGET = 10.3;
				MTL_ENABLE_DEBUG_INFO = YES;
				ONLY_ACTIVE_ARCH = YES;
				SDKROOT = iphoneos;
				SWIFT_ACTIVE_COMPILATION_CONDITIONS = DEBUG;
				SWIFT_OPTIMIZATION_LEVEL = "-Onone";
				TARGETED_DEVICE_FAMILY = "1,2";
			};
			name = Debug;
		};
		6B5186B61F6FEDB9006CCDED /* Release */ = {
			isa = XCBuildConfiguration;
			buildSettings = {
				ALWAYS_SEARCH_USER_PATHS = NO;
				CLANG_ANALYZER_NONNULL = YES;
				CLANG_ANALYZER_NUMBER_OBJECT_CONVERSION = YES_AGGRESSIVE;
				CLANG_CXX_LANGUAGE_STANDARD = "gnu++0x";
				CLANG_CXX_LIBRARY = "libc++";
				CLANG_ENABLE_MODULES = YES;
				CLANG_ENABLE_OBJC_ARC = YES;
				CLANG_WARN_BOOL_CONVERSION = YES;
				CLANG_WARN_CONSTANT_CONVERSION = YES;
				CLANG_WARN_DIRECT_OBJC_ISA_USAGE = YES_ERROR;
				CLANG_WARN_DOCUMENTATION_COMMENTS = YES;
				CLANG_WARN_EMPTY_BODY = YES;
				CLANG_WARN_ENUM_CONVERSION = YES;
				CLANG_WARN_INFINITE_RECURSION = YES;
				CLANG_WARN_INT_CONVERSION = YES;
				CLANG_WARN_OBJC_ROOT_CLASS = YES_ERROR;
				CLANG_WARN_SUSPICIOUS_MOVE = YES;
				CLANG_WARN_UNREACHABLE_CODE = YES;
				CLANG_WARN__DUPLICATE_METHOD_MATCH = YES;
				"CODE_SIGN_IDENTITY[sdk=iphoneos*]" = "iPhone Developer";
				COPY_PHASE_STRIP = NO;
				DEBUG_INFORMATION_FORMAT = "dwarf-with-dsym";
				ENABLE_NS_ASSERTIONS = NO;
				ENABLE_STRICT_OBJC_MSGSEND = YES;
				GCC_C_LANGUAGE_STANDARD = gnu99;
				GCC_NO_COMMON_BLOCKS = YES;
				GCC_WARN_64_TO_32_BIT_CONVERSION = YES;
				GCC_WARN_ABOUT_RETURN_TYPE = YES_ERROR;
				GCC_WARN_UNDECLARED_SELECTOR = YES;
				GCC_WARN_UNINITIALIZED_AUTOS = YES_AGGRESSIVE;
				GCC_WARN_UNUSED_FUNCTION = YES;
				GCC_WARN_UNUSED_VARIABLE = YES;
				IPHONEOS_DEPLOYMENT_TARGET = 10.3;
				MTL_ENABLE_DEBUG_INFO = NO;
				SDKROOT = iphoneos;
				SWIFT_OPTIMIZATION_LEVEL = "-Owholemodule";
				TARGETED_DEVICE_FAMILY = "1,2";
				VALIDATE_PRODUCT = YES;
			};
			name = Release;
		};
		6B5186B81F6FEDB9006CCDED /* Debug */ = {
			isa = XCBuildConfiguration;
			buildSettings = {
				ASSETCATALOG_COMPILER_APPICON_NAME = AppIcon;
				DEVELOPMENT_TEAM = L283242C83;
				INFOPLIST_FILE = MemeMe2/Info.plist;
				LD_RUNPATH_SEARCH_PATHS = "$(inherited) @executable_path/Frameworks";
				PRODUCT_BUNDLE_IDENTIFIER = com.example.MemeMe2;
				PRODUCT_NAME = "$(TARGET_NAME)";
				SWIFT_VERSION = 3.0;
			};
			name = Debug;
		};
		6B5186B91F6FEDB9006CCDED /* Release */ = {
			isa = XCBuildConfiguration;
			buildSettings = {
				ASSETCATALOG_COMPILER_APPICON_NAME = AppIcon;
				DEVELOPMENT_TEAM = L283242C83;
				INFOPLIST_FILE = MemeMe2/Info.plist;
				LD_RUNPATH_SEARCH_PATHS = "$(inherited) @executable_path/Frameworks";
				PRODUCT_BUNDLE_IDENTIFIER = com.example.MemeMe2;
				PRODUCT_NAME = "$(TARGET_NAME)";
				SWIFT_VERSION = 3.0;
			};
			name = Release;
		};
/* End XCBuildConfiguration section */

/* Begin XCConfigurationList section */
		6B5186A01F6FEDB9006CCDED /* Build configuration list for PBXProject "MemeMe2" */ = {
			isa = XCConfigurationList;
			buildConfigurations = (
				6B5186B51F6FEDB9006CCDED /* Debug */,
				6B5186B61F6FEDB9006CCDED /* Release */,
			);
			defaultConfigurationIsVisible = 0;
			defaultConfigurationName = Release;
		};
		6B5186B71F6FEDB9006CCDED /* Build configuration list for PBXNativeTarget "MemeMe2" */ = {
			isa = XCConfigurationList;
			buildConfigurations = (
				6B5186B81F6FEDB9006CCDED /* Debug */,
				6B5186B91F6FEDB9006CCDED /* Release */,
			);
			defaultConfigurationIsVisible = 0;
			defaultConfigurationName = Release;
		};
/* End XCConfigurationList section */
	};
	rootObject = 6B51869D1F6FEDB9006CCDED /* Project object */;
}
